{
  "name": "boxil-slack-bot-2",
  "version": "0.0.0",
  "lockfileVersion": 3,
  "requires": true,
  "packages": {
    "": {
      "name": "boxil-slack-bot-2",
      "version": "0.0.0",
      "dependencies": {
        "@tsndr/cloudflare-worker-jwt": "^2.5.3",
        "slack-cloudflare-workers": "^0.12.0"
      },
      "devDependencies": {
        "prettier": "^3.3.2"
      }
    },
    "node_modules/@tsndr/cloudflare-worker-jwt": {
      "version": "2.5.3",
      "resolved": "https://registry.npmjs.org/@tsndr/cloudflare-worker-jwt/-/cloudflare-worker-jwt-2.5.3.tgz",
      "integrity": "sha512-zbdvjRG86y/ObiBgTJrzBC39t2FcaeGwB6AV7VO4LvHKJNyZvLYRbKT68eaoJhnJldyHhs7yZ69neRVdUd9knA=="
    },
    "node_modules/prettier": {
      "version": "3.3.2",
      "resolved": "https://registry.npmjs.org/prettier/-/prettier-3.3.2.tgz",
      "integrity": "sha512-rAVeHYMcv8ATV5d508CFdn+8/pHPpXeIid1DdrPwXnaAdH7cqjVbpJaT5eq4yRAFU/lsbwYwSF/n5iNrdJHPQA==",
      "dev": true,
      "bin": {
        "prettier": "bin/prettier.cjs"
      },
      "engines": {
        "node": ">=14"
      },
      "funding": {
        "url": "https://github.com/prettier/prettier?sponsor=1"
      }
    },
    "node_modules/slack-cloudflare-workers": {
      "version": "0.12.0",
      "resolved": "https://registry.npmjs.org/slack-cloudflare-workers/-/slack-cloudflare-workers-0.12.0.tgz",
      "integrity": "sha512-QDfQX5Z6wDRSbex2uS4Q2BwwvyS0M3RKhV0JGHx5TMhjVctWqEKslH62kNVLDumbc/YWaUS3YYn3kDhZqQlVtA==",
      "dependencies": {
        "slack-edge": "^0.12.0"
      }
    },
    "node_modules/slack-edge": {
      "version": "0.12.0",
      "resolved": "https://registry.npmjs.org/slack-edge/-/slack-edge-0.12.0.tgz",
      "integrity": "sha512-uCQ+WneRVckq6TFSAitiDtVDjw2pDOEdEqa0klxRFf5S4AJscmKwUNrBnidYrCjBof9gQ8kfGmkRg9lsOyydDQ==",
      "dependencies": {
        "slack-web-api-client": "^0.11.0"
      }
    },
    "node_modules/slack-web-api-client": {
      "version": "0.11.1",
      "resolved": "https://registry.npmjs.org/slack-web-api-client/-/slack-web-api-client-0.11.1.tgz",
      "integrity": "sha512-Ycf5SViBSgrHXz9RBKewZVaLf6JYfpgEHdx0POmuOsg1O/EngeKYD1H8VzEFwzArMW0bXpnvoBcp+0RtQyOuIw=="
    }
  }
}
